// !$*UTF8*$!
{
	archiveVersion = 1;
	classes = {
	};
	objectVersion = 46;
	objects = {

/* Begin PBXBuildFile section */
		6EA41ADC1A02273C00E3A16C /* AppDelegate.swift in Sources */ = {isa = PBXBuildFile; fileRef = 6EA41ADB1A02273C00E3A16C /* AppDelegate.swift */; };
		6EA41ADE1A02273C00E3A16C /* ViewController.swift in Sources */ = {isa = PBXBuildFile; fileRef = 6EA41ADD1A02273C00E3A16C /* ViewController.swift */; };
		6EA41AE11A02273C00E3A16C /* Main.storyboard in Resources */ = {isa = PBXBuildFile; fileRef = 6EA41ADF1A02273C00E3A16C /* Main.storyboard */; };
		6EA41AE31A02273C00E3A16C /* Images.xcassets in Resources */ = {isa = PBXBuildFile; fileRef = 6EA41AE21A02273C00E3A16C /* Images.xcassets */; };
		6EA41AE61A02273C00E3A16C /* LaunchScreen.xib in Resources */ = {isa = PBXBuildFile; fileRef = 6EA41AE41A02273C00E3A16C /* LaunchScreen.xib */; };
		6EA41AF21A02273C00E3A16C /* FingerPaintTests.swift in Sources */ = {isa = PBXBuildFile; fileRef = 6EA41AF11A02273C00E3A16C /* FingerPaintTests.swift */; };
/* End PBXBuildFile section */

/* Begin PBXContainerItemProxy section */
		6EA41AEC1A02273C00E3A16C /* PBXContainerItemProxy */ = {
			isa = PBXContainerItemProxy;
			containerPortal = 6EA41ACE1A02273C00E3A16C /* Project object */;
			proxyType = 1;
			remoteGlobalIDString = 6EA41AD51A02273C00E3A16C;
			remoteInfo = FingerPaint;
		};
/* End PBXContainerItemProxy section */

/* Begin PBXFileReference section */
		6EA41AD61A02273C00E3A16C /* FingerPaint.app */ = {isa = PBXFileReference; explicitFileType = wrapper.application; includeInIndex = 0; path = FingerPaint.app; sourceTree = BUILT_PRODUCTS_DIR; };
		6EA41ADA1A02273C00E3A16C /* Info.plist */ = {isa = PBXFileReference; lastKnownFileType = text.plist.xml; path = Info.plist; sourceTree = "<group>"; };
		6EA41ADB1A02273C00E3A16C /* AppDelegate.swift */ = {isa = PBXFileReference; lastKnownFileType = sourcecode.swift; path = AppDelegate.swift; sourceTree = "<group>"; };
		6EA41ADD1A02273C00E3A16C /* ViewController.swift */ = {isa = PBXFileReference; lastKnownFileType = sourcecode.swift; path = ViewController.swift; sourceTree = "<group>"; };
		6EA41AE01A02273C00E3A16C /* Base */ = {isa = PBXFileReference; lastKnownFileType = file.storyboard; name = Base; path = Base.lproj/Main.storyboard; sourceTree = "<group>"; };
		6EA41AE21A02273C00E3A16C /* Images.xcassets */ = {isa = PBXFileReference; lastKnownFileType = folder.assetcatalog; path = Images.xcassets; sourceTree = "<group>"; };
		6EA41AE51A02273C00E3A16C /* Base */ = {isa = PBXFileReference; lastKnownFileType = file.xib; name = Base; path = Base.lproj/LaunchScreen.xib; sourceTree = "<group>"; };
		6EA41AEB1A02273C00E3A16C /* FingerPaintTests.xctest */ = {isa = PBXFileReference; explicitFileType = wrapper.cfbundle; includeInIndex = 0; path = FingerPaintTests.xctest; sourceTree = BUILT_PRODUCTS_DIR; };
		6EA41AF01A02273C00E3A16C /* Info.plist */ = {isa = PBXFileReference; lastKnownFileType = text.plist.xml; path = Info.plist; sourceTree = "<group>"; };
		6EA41AF11A02273C00E3A16C /* FingerPaintTests.swift */ = {isa = PBXFileReference; lastKnownFileType = sourcecode.swift; path = FingerPaintTests.swift; sourceTree = "<group>"; };
/* End PBXFileReference section */

/* Begin PBXFrameworksBuildPhase section */
		6EA41AD31A02273C00E3A16C /* Frameworks */ = {
			isa = PBXFrameworksBuildPhase;
			buildActionMask = 2147483647;
			files = (
			);
			runOnlyForDeploymentPostprocessing = 0;
		};
		6EA41AE81A02273C00E3A16C /* Frameworks */ = {
			isa = PBXFrameworksBuildPhase;
			buildActionMask = 2147483647;
			files = (
			);
			runOnlyForDeploymentPostprocessing = 0;
		};
/* End PBXFrameworksBuildPhase section */

/* Begin PBXGroup section */
		6EA41ACD1A02273C00E3A16C = {
			isa = PBXGroup;
			children = (
				6EA41AD81A02273C00E3A16C /* FingerPaint */,
				6EA41AEE1A02273C00E3A16C /* FingerPaintTests */,
				6EA41AD71A02273C00E3A16C /* Products */,
			);
			sourceTree = "<group>";
		};
		6EA41AD71A02273C00E3A16C /* Products */ = {
			isa = PBXGroup;
			children = (
				6EA41AD61A02273C00E3A16C /* FingerPaint.app */,
				6EA41AEB1A02273C00E3A16C /* FingerPaintTests.xctest */,
			);
			name = Products;
			sourceTree = "<group>";
		};
		6EA41AD81A02273C00E3A16C /* FingerPaint */ = {
			isa = PBXGroup;
			children = (
				6EA41ADB1A02273C00E3A16C /* AppDelegate.swift */,
				6EA41ADD1A02273C00E3A16C /* ViewController.swift */,
				6EA41ADF1A02273C00E3A16C /* Main.storyboard */,
				6EA41AE21A02273C00E3A16C /* Images.xcassets */,
				6EA41AE41A02273C00E3A16C /* LaunchScreen.xib */,
				6EA41AD91A02273C00E3A16C /* Supporting Files */,
			);
			path = FingerPaint;
			sourceTree = "<group>";
		};
		6EA41AD91A02273C00E3A16C /* Supporting Files */ = {
			isa = PBXGroup;
			children = (
				6EA41ADA1A02273C00E3A16C /* Info.plist */,
			);
			name = "Supporting Files";
			sourceTree = "<group>";
		};
		6EA41AEE1A02273C00E3A16C /* FingerPaintTests */ = {
			isa = PBXGroup;
			children = (
				6EA41AF11A02273C00E3A16C /* FingerPaintTests.swift */,
				6EA41AEF1A02273C00E3A16C /* Supporting Files */,
			);
			path = FingerPaintTests;
			sourceTree = "<group>";
		};
		6EA41AEF1A02273C00E3A16C /* Supporting Files */ = {
			isa = PBXGroup;
			children = (
				6EA41AF01A02273C00E3A16C /* Info.plist */,
			);
			name = "Supporting Files";
			sourceTree = "<group>";
		};
/* End PBXGroup section */

/* Begin PBXNativeTarget section */
		6EA41AD51A02273C00E3A16C /* FingerPaint */ = {
			isa = PBXNativeTarget;
			buildConfigurationList = 6EA41AF51A02273C00E3A16C /* Build configuration list for PBXNativeTarget "FingerPaint" */;
			buildPhases = (
				6EA41AD21A02273C00E3A16C /* Sources */,
				6EA41AD31A02273C00E3A16C /* Frameworks */,
				6EA41AD41A02273C00E3A16C /* Resources */,
			);
			buildRules = (
			);
			dependencies = (
			);
			name = FingerPaint;
			productName = FingerPaint;
			productReference = 6EA41AD61A02273C00E3A16C /* FingerPaint.app */;
			productType = "com.apple.product-type.application";
		};
		6EA41AEA1A02273C00E3A16C /* FingerPaintTests */ = {
			isa = PBXNativeTarget;
			buildConfigurationList = 6EA41AF81A02273C00E3A16C /* Build configuration list for PBXNativeTarget "FingerPaintTests" */;
			buildPhases = (
				6EA41AE71A02273C00E3A16C /* Sources */,
				6EA41AE81A02273C00E3A16C /* Frameworks */,
				6EA41AE91A02273C00E3A16C /* Resources */,
			);
			buildRules = (
			);
			dependencies = (
				6EA41AED1A02273C00E3A16C /* PBXTargetDependency */,
			);
			name = FingerPaintTests;
			productName = FingerPaintTests;
			productReference = 6EA41AEB1A02273C00E3A16C /* FingerPaintTests.xctest */;
			productType = "com.apple.product-type.bundle.unit-test";
		};
/* End PBXNativeTarget section */

/* Begin PBXProject section */
		6EA41ACE1A02273C00E3A16C /* Project object */ = {
			isa = PBXProject;
			attributes = {
				LastUpgradeCheck = 0610;
				ORGANIZATIONNAME = gotoitem;
				TargetAttributes = {
					6EA41AD51A02273C00E3A16C = {
						CreatedOnToolsVersion = 6.1;
					};
					6EA41AEA1A02273C00E3A16C = {
						CreatedOnToolsVersion = 6.1;
						TestTargetID = 6EA41AD51A02273C00E3A16C;
					};
				};
			};
			buildConfigurationList = 6EA41AD11A02273C00E3A16C /* Build configuration list for PBXProject "FingerPaint" */;
			compatibilityVersion = "Xcode 3.2";
			developmentRegion = English;
			hasScannedForEncodings = 0;
			knownRegions = (
				en,
				Base,
			);
			mainGroup = 6EA41ACD1A02273C00E3A16C;
			productRefGroup = 6EA41AD71A02273C00E3A16C /* Products */;
			projectDirPath = "";
			projectRoot = "";
			targets = (
				6EA41AD51A02273C00E3A16C /* FingerPaint */,
				6EA41AEA1A02273C00E3A16C /* FingerPaintTests */,
			);
		};
/* End PBXProject section */

/* Begin PBXResourcesBuildPhase section */
		6EA41AD41A02273C00E3A16C /* Resources */ = {
			isa = PBXResourcesBuildPhase;
			buildActionMask = 2147483647;
			files = (
				6EA41AE11A02273C00E3A16C /* Main.storyboard in Resources */,
				6EA41AE61A02273C00E3A16C /* LaunchScreen.xib in Resources */,
				6EA41AE31A02273C00E3A16C /* Images.xcassets in Resources */,
			);
			runOnlyForDeploymentPostprocessing = 0;
		};
		6EA41AE91A02273C00E3A16C /* Resources */ = {
			isa = PBXResourcesBuildPhase;
			buildActionMask = 2147483647;
			files = (
			);
			runOnlyForDeploymentPostprocessing = 0;
		};
/* End PBXResourcesBuildPhase section */

/* Begin PBXSourcesBuildPhase section */
		6EA41AD21A02273C00E3A16C /* Sources */ = {
			isa = PBXSourcesBuildPhase;
			buildActionMask = 2147483647;
			files = (
				6EA41ADE1A02273C00E3A16C /* ViewController.swift in Sources */,
				6EA41ADC1A02273C00E3A16C /* AppDelegate.swift in Sources */,
			);
			runOnlyForDeploymentPostprocessing = 0;
		};
		6EA41AE71A02273C00E3A16C /* Sources */ = {
			isa = PBXSourcesBuildPhase;
			buildActionMask = 2147483647;
			files = (
				6EA41AF21A02273C00E3A16C /* FingerPaintTests.swift in Sources */,
			);
			runOnlyForDeploymentPostprocessing = 0;
		};
/* End PBXSourcesBuildPhase section */

/* Begin PBXTargetDependency section */
		6EA41AED1A02273C00E3A16C /* PBXTargetDependency */ = {
			isa = PBXTargetDependency;
			target = 6EA41AD51A02273C00E3A16C /* FingerPaint */;
			targetProxy = 6EA41AEC1A02273C00E3A16C /* PBXContainerItemProxy */;
		};
/* End PBXTargetDependency section */

/* Begin PBXVariantGroup section */
		6EA41ADF1A02273C00E3A16C /* Main.storyboard */ = {
			isa = PBXVariantGroup;
			children = (
				6EA41AE01A02273C00E3A16C /* Base */,
			);
			name = Main.storyboard;
			sourceTree = "<group>";
		};
		6EA41AE41A02273C00E3A16C /* LaunchScreen.xib */ = {
			isa = PBXVariantGroup;
			children = (
				6EA41AE51A02273C00E3A16C /* Base */,
			);
			name = LaunchScreen.xib;
			sourceTree = "<group>";
		};
/* End PBXVariantGroup section */

/* Begin XCBuildConfiguration section */
		6EA41AF31A02273C00E3A16C /* Debug */ = {
			isa = XCBuildConfiguration;
			buildSettings = {
				ALWAYS_SEARCH_USER_PATHS = NO;
				CLANG_CXX_LANGUAGE_STANDARD = "gnu++0x";
				CLANG_CXX_LIBRARY = "libc++";
				CLANG_ENABLE_MODULES = YES;
				CLANG_ENABLE_OBJC_ARC = YES;
				CLANG_WARN_BOOL_CONVERSION = YES;
				CLANG_WARN_CONSTANT_CONVERSION = YES;
				CLANG_WARN_DIRECT_OBJC_ISA_USAGE = YES_ERROR;
				CLANG_WARN_EMPTY_BODY = YES;
				CLANG_WARN_ENUM_CONVERSION = YES;
				CLANG_WARN_INT_CONVERSION = YES;
				CLANG_WARN_OBJC_ROOT_CLASS = YES_ERROR;
				CLANG_WARN_UNREACHABLE_CODE = YES;
				CLANG_WARN__DUPLICATE_METHOD_MATCH = YES;
				"CODE_SIGN_IDENTITY[sdk=iphoneos*]" = "iPhone Developer";
				COPY_PHASE_STRIP = NO;
				ENABLE_STRICT_OBJC_MSGSEND = YES;
				GCC_C_LANGUAGE_STANDARD = gnu99;
				GCC_DYNAMIC_NO_PIC = NO;
				GCC_OPTIMIZATION_LEVEL = 0;
				GCC_PREPROCESSOR_DEFINITIONS = (
					"DEBUG=1",
					"$(inherited)",
				);
				GCC_SYMBOLS_PRIVATE_EXTERN = NO;
				GCC_WARN_64_TO_32_BIT_CONVERSION = YES;
				GCC_WARN_ABOUT_RETURN_TYPE = YES_ERROR;
				GCC_WARN_UNDECLARED_SELECTOR = YES;
				GCC_WARN_UNINITIALIZED_AUTOS = YES_AGGRESSIVE;
				GCC_WARN_UNUSED_FUNCTION = YES;
				GCC_WARN_UNUSED_VARIABLE = YES;
				IPHONEOS_DEPLOYMENT_TARGET = 8.1;
				MTL_ENABLE_DEBUG_INFO = YES;
				ONLY_ACTIVE_ARCH = YES;
				SDKROOT = iphoneos;
				SWIFT_OPTIMIZATION_LEVEL = "-Onone";
			};
			name = Debug;
		};
		6EA41AF41A02273C00E3A16C /* Release */ = {
			isa = XCBuildConfiguration;
			buildSettings = {
				ALWAYS_SEARCH_USER_PATHS = NO;
				CLANG_CXX_LANGUAGE_STANDARD = "gnu++0x";
				CLANG_CXX_LIBRARY = "libc++";
				CLANG_ENABLE_MODULES = YES;
				CLANG_ENABLE_OBJC_ARC = YES;
				CLANG_WARN_BOOL_CONVERSION = YES;
				CLANG_WARN_CONSTANT_CONVERSION = YES;
				CLANG_WARN_DIRECT_OBJC_ISA_USAGE = YES_ERROR;
				CLANG_WARN_EMPTY_BODY = YES;
				CLANG_WARN_ENUM_CONVERSION = YES;
				CLANG_WARN_INT_CONVERSION = YES;
				CLANG_WARN_OBJC_ROOT_CLASS = YES_ERROR;
				CLANG_WARN_UNREACHABLE_CODE = YES;
				CLANG_WARN__DUPLICATE_METHOD_MATCH = YES;
				"CODE_SIGN_IDENTITY[sdk=iphoneos*]" = "iPhone Developer";
				COPY_PHASE_STRIP = YES;
				ENABLE_NS_ASSERTIONS = NO;
				ENABLE_STRICT_OBJC_MSGSEND = YES;
				GCC_C_LANGUAGE_STANDARD = gnu99;
				GCC_WARN_64_TO_32_BIT_CONVERSION = YES;
				GCC_WARN_ABOUT_RETURN_TYPE = YES_ERROR;
				GCC_WARN_UNDECLARED_SELECTOR = YES;
				GCC_WARN_UNINITIALIZED_AUTOS = YES_AGGRESSIVE;
				GCC_WARN_UNUSED_FUNCTION = YES;
				GCC_WARN_UNUSED_VARIABLE = YES;
				IPHONEOS_DEPLOYMENT_TARGET = 8.1;
				MTL_ENABLE_DEBUG_INFO = NO;
				SDKROOT = iphoneos;
				VALIDATE_PRODUCT = YES;
			};
			name = Release;
		};
		6EA41AF61A02273C00E3A16C /* Debug */ = {
			isa = XCBuildConfiguration;
			buildSettings = {
				ASSETCATALOG_COMPILER_APPICON_NAME = AppIcon;
				INFOPLIST_FILE = FingerPaint/Info.plist;
				LD_RUNPATH_SEARCH_PATHS = "$(inherited) @executable_path/Frameworks";
				PRODUCT_NAME = "$(TARGET_NAME)";
			};
			name = Debug;
		};
		6EA41AF71A02273C00E3A16C /* Release */ = {
			isa = XCBuildConfiguration;
			buildSettings = {
				ASSETCATALOG_COMPILER_APPICON_NAME = AppIcon;
				INFOPLIST_FILE = FingerPaint/Info.plist;
				LD_RUNPATH_SEARCH_PATHS = "$(inherited) @executable_path/Frameworks";
				PRODUCT_NAME = "$(TARGET_NAME)";
			};
			name = Release;
		};
		6EA41AF91A02273C00E3A16C /* Debug */ = {
			isa = XCBuildConfiguration;
			buildSettings = {
				BUNDLE_LOADER = "$(TEST_HOST)";
				FRAMEWORK_SEARCH_PATHS = (
					"$(SDKROOT)/Developer/Library/Frameworks",
					"$(inherited)",
				);
				GCC_PREPROCESSOR_DEFINITIONS = (
					"DEBUG=1",
					"$(inherited)",
				);
				INFOPLIST_FILE = FingerPaintTests/Info.plist;
				LD_RUNPATH_SEARCH_PATHS = "$(inherited) @executable_path/Frameworks @loader_path/Frameworks";
				PRODUCT_NAME = "$(TARGET_NAME)";
				TEST_HOST = "$(BUILT_PRODUCTS_DIR)/FingerPaint.app/FingerPaint";
			};
			name = Debug;
		};
		6EA41AFA1A02273C00E3A16C /* Release */ = {
			isa = XCBuildConfiguration;
			buildSettings = {
				BUNDLE_LOADER = "$(TEST_HOST)";
				FRAMEWORK_SEARCH_PATHS = (
					"$(SDKROOT)/Developer/Library/Frameworks",
					"$(inherited)",
				);
				INFOPLIST_FILE = FingerPaintTests/Info.plist;
				LD_RUNPATH_SEARCH_PATHS = "$(inherited) @executable_path/Frameworks @loader_path/Frameworks";
				PRODUCT_NAME = "$(TARGET_NAME)";
				TEST_HOST = "$(BUILT_PRODUCTS_DIR)/FingerPaint.app/FingerPaint";
			};
			name = Release;
		};
/* End XCBuildConfiguration section */

/* Begin XCConfigurationList section */
		6EA41AD11A02273C00E3A16C /* Build configuration list for PBXProject "FingerPaint" */ = {
			isa = XCConfigurationList;
			buildConfigurations = (
				6EA41AF31A02273C00E3A16C /* Debug */,
				6EA41AF41A02273C00E3A16C /* Release */,
			);
			defaultConfigurationIsVisible = 0;
			defaultConfigurationName = Release;
		};
		6EA41AF51A02273C00E3A16C /* Build configuration list for PBXNativeTarget "FingerPaint" */ = {
			isa = XCConfigurationList;
			buildConfigurations = (
				6EA41AF61A02273C00E3A16C /* Debug */,
				6EA41AF71A02273C00E3A16C /* Release */,
			);
			defaultConfigurationIsVisible = 0;
		};
		6EA41AF81A02273C00E3A16C /* Build configuration list for PBXNativeTarget "FingerPaintTests" */ = {
			isa = XCConfigurationList;
			buildConfigurations = (
				6EA41AF91A02273C00E3A16C /* Debug */,
				6EA41AFA1A02273C00E3A16C /* Release */,
			);
			defaultConfigurationIsVisible = 0;
		};
/* End XCConfigurationList section */
	};
	rootObject = 6EA41ACE1A02273C00E3A16C /* Project object */;
}
